Microsoft Visual Studio Solution File, Format Version 11.00
# Visual Studio 2008

Project("{40D45751-95F1-6DF6-3330-33AAEA102E42}") = "MazeWalker", "Assembly-CSharp-vs.csproj", "{438C37FE-2EAB-ECE5-141D-D47D8F8A4ECF}"
EndProject
Project("{40D45751-95F1-6DF6-3330-33AAEA102E42}") = "MazeWalker", "Assembly-CSharp-Editor-vs.csproj", "{5840DF47-B307-700B-80D4-F16163D58058}"
EndProject
Global
	GlobalSection(SolutionConfigurationPlatforms) = preSolution
		Debug|Any CPU = Debug|Any CPU
		Release|Any CPU = Release|Any CPU
	EndGlobalSection
	GlobalSection(ProjectConfigurationPlatforms) = postSolution
		{438C37FE-2EAB-ECE5-141D-D47D8F8A4ECF}.Debug|Any CPU.ActiveCfg = Debug|Any CPU
		{438C37FE-2EAB-ECE5-141D-D47D8F8A4ECF}.Debug|Any CPU.Build.0 = Debug|Any CPU
		{438C37FE-2EAB-ECE5-141D-D47D8F8A4ECF}.Release|Any CPU.ActiveCfg = Release|Any CPU
		{438C37FE-2EAB-ECE5-141D-D47D8F8A4ECF}.Release|Any CPU.Build.0 = Release|Any CPU
		{5840DF47-B307-700B-80D4-F16163D58058}.Debug|Any CPU.ActiveCfg = Debug|Any CPU
		{5840DF47-B307-700B-80D4-F16163D58058}.Debug|Any CPU.Build.0 = Debug|Any CPU
		{5840DF47-B307-700B-80D4-F16163D58058}.Release|Any CPU.ActiveCfg = Release|Any CPU
		{5840DF47-B307-700B-80D4-F16163D58058}.Release|Any CPU.Build.0 = Release|Any CPU
	EndGlobalSection
	GlobalSection(SolutionProperties) = preSolution
		HideSolutionNode = FALSE
	EndGlobalSection
																																																																																																																																										GlobalSection(MonoDevelopProperties) = preSolution
		StartupItem = Assembly-CSharp.csproj
		Policies = $0
		$0.TextStylePolicy = $1
		$1.inheritsSet = null
		$1.scope = text/x-csharp
		$0.CSharpFormattingPolicy = $2
		$2.inheritsSet = Mono
		$2.inheritsScope = text/x-csharp
		$2.scope = text/x-csharp
		$0.TextStylePolicy = $3
		$3.FileWidth = 120
		$3.TabWidth = 4
		$3.EolMarker = Unix
		$3.inheritsSet = Mono
		$3.inheritsScope = text/plain
		$3.scope = text/plain
	EndGlobalSection

EndGlobal
